
Microsoft Visual Studio Solution File, Format Version 12.00
# Visual Studio Version 17
VisualStudioVersion = 17.0.31903.59
MinimumVisualStudioVersion = 10.0.40219.1
Project("{2150E333-8FDC-42A3-9474-1A3956D46DE8}") = "Documents", "Documents", "{04C2F761-5394-4B38-AE54-71B9D76B89C3}"
EndProject
Project("{2150E333-8FDC-42A3-9474-1A3956D46DE8}") = "Framework", "Framework", "{29A2EC6A-2C7A-4A85-BCE4-327052B9F52B}"
EndProject
Project("{9A19103F-16F7-4668-BE54-9A1E7A4F7556}") = "Dnettec", "Dnettec\Dnettec.csproj", "{08904899-5AB8-4194-BD6E-8C41433AEADD}"
EndProject
Project("{9A19103F-16F7-4668-BE54-9A1E7A4F7556}") = "Dnettec.Logging", "Dnettec.Logging\Dnettec.Logging.csproj", "{46F8761D-EAF5-490A-82F2-0CDFFEF80C75}"
EndProject
Project("{2150E333-8FDC-42A3-9474-1A3956D46DE8}") = "Microservices", "Microservices", "{840C3758-8865-40E1-8D30-A88155C09EFB}"
EndProject
Project("{2150E333-8FDC-42A3-9474-1A3956D46DE8}") = "Logging", "Logging", "{38FC6533-3580-4072-9806-54D57FBBAB2D}"
EndProject
Project("{2150E333-8FDC-42A3-9474-1A3956D46DE8}") = "Api", "Api", "{ACA1E819-88AC-4612-8A08-3C20E990CFAA}"
EndProject
Project("{2150E333-8FDC-42A3-9474-1A3956D46DE8}") = "Application", "Application", "{B0C2966E-2E9D-4926-B0ED-31FA27B94590}"
EndProject
Project("{2150E333-8FDC-42A3-9474-1A3956D46DE8}") = "Core", "Core", "{14D43FBD-7E72-4508-9CCF-6E53CDED95BA}"
EndProject
Project("{2150E333-8FDC-42A3-9474-1A3956D46DE8}") = "Domain", "Domain", "{13AC6393-6C53-428B-BECC-CE321BEC52E4}"
EndProject
Project("{2150E333-8FDC-42A3-9474-1A3956D46DE8}") = "Persistence", "Persistence", "{FF56476B-75B8-48F0-A3F2-29B2B6516E70}"
EndProject
Project("{2150E333-8FDC-42A3-9474-1A3956D46DE8}") = "Resources", "Resources", "{01587FAC-192F-408A-9B22-770EC5CC3506}"
EndProject
Project("{9A19103F-16F7-4668-BE54-9A1E7A4F7556}") = "Logging.Api", "Logging.Api\Logging.Api.csproj", "{A09416AF-575A-41B2-9A7E-B40A84FB17C2}"
EndProject
Project("{9A19103F-16F7-4668-BE54-9A1E7A4F7556}") = "Logging.Application", "Logging.Application\Logging.Application.csproj", "{CDE7E2A5-07F4-4C4C-BB64-88FA9C9DB99D}"
EndProject
Project("{9A19103F-16F7-4668-BE54-9A1E7A4F7556}") = "Logging.Domain", "Logging.Domain\Logging.Domain.csproj", "{6848AE93-A372-48ED-ACE8-253EDF3D38D9}"
EndProject
Project("{9A19103F-16F7-4668-BE54-9A1E7A4F7556}") = "Logging.Persistence", "Logging.Persistence\Logging.Persistence.csproj", "{6F5F5A63-F1E5-4BC2-A48E-2380CC483296}"
EndProject
Project("{9A19103F-16F7-4668-BE54-9A1E7A4F7556}") = "Logging.Resources", "Logging.Resources\Logging.Resources.csproj", "{B2B5CAFF-FCE1-4E07-8EEC-AA24DB9B2973}"
EndProject
Project("{9A19103F-16F7-4668-BE54-9A1E7A4F7556}") = "Logging.Core", "Logging.Core\Logging.Core.csproj", "{1975ECFA-8A53-4F24-8AAF-6872F66C72D8}"
EndProject
Project("{2150E333-8FDC-42A3-9474-1A3956D46DE8}") = "Kernel", "Kernel", "{79242E80-F13E-459A-9DB6-8FC504C1BFE5}"
EndProject
Project("{2150E333-8FDC-42A3-9474-1A3956D46DE8}") = "Account", "Account", "{18C1BE1A-EC99-49FD-8B0F-150930565A06}"
EndProject
Project("{2150E333-8FDC-42A3-9474-1A3956D46DE8}") = "Application", "Application", "{D3EB3079-CB5B-440A-A34C-E9C81A207140}"
EndProject
Project("{2150E333-8FDC-42A3-9474-1A3956D46DE8}") = "Core", "Core", "{B9BE4558-23BC-4811-B958-93E000A9BFB2}"
EndProject
Project("{2150E333-8FDC-42A3-9474-1A3956D46DE8}") = "Domain", "Domain", "{92E41DD3-9237-41C3-92DD-8C9C4619C780}"
EndProject
Project("{2150E333-8FDC-42A3-9474-1A3956D46DE8}") = "Persistence", "Persistence", "{57D5FA57-DDDE-4DB5-AF83-4A136DD98CCE}"
EndProject
Project("{2150E333-8FDC-42A3-9474-1A3956D46DE8}") = "Resources", "Resources", "{9FEED07B-27F4-44E8-A135-BDA4E1F5DB7D}"
EndProject
Project("{9A19103F-16F7-4668-BE54-9A1E7A4F7556}") = "Kernel.Application", "Kernel.Application\Kernel.Application.csproj", "{4A80DE86-7C48-49F2-AC82-D06B25BA8148}"
EndProject
Project("{9A19103F-16F7-4668-BE54-9A1E7A4F7556}") = "Kernel.Core", "Kernel.Core\Kernel.Core.csproj", "{33370486-A6DF-43D1-A44A-36193BE7A552}"
EndProject
Project("{9A19103F-16F7-4668-BE54-9A1E7A4F7556}") = "Kernel.Domain", "Kernel.Domain\Kernel.Domain.csproj", "{61FEB2BD-0FFD-4C6A-B778-20847CA68136}"
EndProject
Project("{2150E333-8FDC-42A3-9474-1A3956D46DE8}") = "Test", "Test", "{58E496E0-55A2-40D8-A05A-DDB5B3D08807}"
EndProject
Project("{9A19103F-16F7-4668-BE54-9A1E7A4F7556}") = "Kernel.Resources", "Kernel.Resources\Kernel.Resources.csproj", "{F7899853-CC9E-4A4E-BE96-8C4C48F331DB}"
EndProject
Project("{2150E333-8FDC-42A3-9474-1A3956D46DE8}") = "Api", "Api", "{B7C90292-E83E-4EFC-8ADB-AE99418A9082}"
EndProject
Project("{2150E333-8FDC-42A3-9474-1A3956D46DE8}") = "WebUI", "WebUI", "{92CF659B-0B9E-450E-B1FB-BBFC9C25C4CD}"
EndProject
Project("{9A19103F-16F7-4668-BE54-9A1E7A4F7556}") = "Kernel.Persistence", "Kernel.Persistence\Kernel.Persistence.csproj", "{B1050A82-9A06-4B88-AB80-6B80C174146D}"
EndProject
Project("{9A19103F-16F7-4668-BE54-9A1E7A4F7556}") = "Kernel.ViewModel", "Kernel.ViewModel\Kernel.ViewModel.csproj", "{E14A9D76-875F-4F4F-A400-BB23CDB8EBAA}"
EndProject
Project("{9A19103F-16F7-4668-BE54-9A1E7A4F7556}") = "Kernel.Api", "Kernel.Api\Kernel.Api.csproj", "{1C8D39CA-83C7-4BC3-AAC9-6BFAD223CB3F}"
EndProject
Global
	GlobalSection(SolutionConfigurationPlatforms) = preSolution
		Debug|Any CPU = Debug|Any CPU
		Release|Any CPU = Release|Any CPU
	EndGlobalSection
	GlobalSection(ProjectConfigurationPlatforms) = postSolution
		{08904899-5AB8-4194-BD6E-8C41433AEADD}.Debug|Any CPU.ActiveCfg = Debug|Any CPU
		{08904899-5AB8-4194-BD6E-8C41433AEADD}.Debug|Any CPU.Build.0 = Debug|Any CPU
		{08904899-5AB8-4194-BD6E-8C41433AEADD}.Release|Any CPU.ActiveCfg = Release|Any CPU
		{08904899-5AB8-4194-BD6E-8C41433AEADD}.Release|Any CPU.Build.0 = Release|Any CPU
		{46F8761D-EAF5-490A-82F2-0CDFFEF80C75}.Debug|Any CPU.ActiveCfg = Debug|Any CPU
		{46F8761D-EAF5-490A-82F2-0CDFFEF80C75}.Debug|Any CPU.Build.0 = Debug|Any CPU
		{46F8761D-EAF5-490A-82F2-0CDFFEF80C75}.Release|Any CPU.ActiveCfg = Release|Any CPU
		{46F8761D-EAF5-490A-82F2-0CDFFEF80C75}.Release|Any CPU.Build.0 = Release|Any CPU
		{A09416AF-575A-41B2-9A7E-B40A84FB17C2}.Debug|Any CPU.ActiveCfg = Debug|Any CPU
		{A09416AF-575A-41B2-9A7E-B40A84FB17C2}.Debug|Any CPU.Build.0 = Debug|Any CPU
		{A09416AF-575A-41B2-9A7E-B40A84FB17C2}.Release|Any CPU.ActiveCfg = Release|Any CPU
		{A09416AF-575A-41B2-9A7E-B40A84FB17C2}.Release|Any CPU.Build.0 = Release|Any CPU
		{CDE7E2A5-07F4-4C4C-BB64-88FA9C9DB99D}.Debug|Any CPU.ActiveCfg = Debug|Any CPU
		{CDE7E2A5-07F4-4C4C-BB64-88FA9C9DB99D}.Debug|Any CPU.Build.0 = Debug|Any CPU
		{CDE7E2A5-07F4-4C4C-BB64-88FA9C9DB99D}.Release|Any CPU.ActiveCfg = Release|Any CPU
		{CDE7E2A5-07F4-4C4C-BB64-88FA9C9DB99D}.Release|Any CPU.Build.0 = Release|Any CPU
		{6848AE93-A372-48ED-ACE8-253EDF3D38D9}.Debug|Any CPU.ActiveCfg = Debug|Any CPU
		{6848AE93-A372-48ED-ACE8-253EDF3D38D9}.Debug|Any CPU.Build.0 = Debug|Any CPU
		{6848AE93-A372-48ED-ACE8-253EDF3D38D9}.Release|Any CPU.ActiveCfg = Release|Any CPU
		{6848AE93-A372-48ED-ACE8-253EDF3D38D9}.Release|Any CPU.Build.0 = Release|Any CPU
		{6F5F5A63-F1E5-4BC2-A48E-2380CC483296}.Debug|Any CPU.ActiveCfg = Debug|Any CPU
		{6F5F5A63-F1E5-4BC2-A48E-2380CC483296}.Debug|Any CPU.Build.0 = Debug|Any CPU
		{6F5F5A63-F1E5-4BC2-A48E-2380CC483296}.Release|Any CPU.ActiveCfg = Release|Any CPU
		{6F5F5A63-F1E5-4BC2-A48E-2380CC483296}.Release|Any CPU.Build.0 = Release|Any CPU
		{B2B5CAFF-FCE1-4E07-8EEC-AA24DB9B2973}.Debug|Any CPU.ActiveCfg = Debug|Any CPU
		{B2B5CAFF-FCE1-4E07-8EEC-AA24DB9B2973}.Debug|Any CPU.Build.0 = Debug|Any CPU
		{B2B5CAFF-FCE1-4E07-8EEC-AA24DB9B2973}.Release|Any CPU.ActiveCfg = Release|Any CPU
		{B2B5CAFF-FCE1-4E07-8EEC-AA24DB9B2973}.Release|Any CPU.Build.0 = Release|Any CPU
		{1975ECFA-8A53-4F24-8AAF-6872F66C72D8}.Debug|Any CPU.ActiveCfg = Debug|Any CPU
		{1975ECFA-8A53-4F24-8AAF-6872F66C72D8}.Debug|Any CPU.Build.0 = Debug|Any CPU
		{1975ECFA-8A53-4F24-8AAF-6872F66C72D8}.Release|Any CPU.ActiveCfg = Release|Any CPU
		{1975ECFA-8A53-4F24-8AAF-6872F66C72D8}.Release|Any CPU.Build.0 = Release|Any CPU
		{4A80DE86-7C48-49F2-AC82-D06B25BA8148}.Debug|Any CPU.ActiveCfg = Debug|Any CPU
		{4A80DE86-7C48-49F2-AC82-D06B25BA8148}.Debug|Any CPU.Build.0 = Debug|Any CPU
		{4A80DE86-7C48-49F2-AC82-D06B25BA8148}.Release|Any CPU.ActiveCfg = Release|Any CPU
		{4A80DE86-7C48-49F2-AC82-D06B25BA8148}.Release|Any CPU.Build.0 = Release|Any CPU
		{33370486-A6DF-43D1-A44A-36193BE7A552}.Debug|Any CPU.ActiveCfg = Debug|Any CPU
		{33370486-A6DF-43D1-A44A-36193BE7A552}.Debug|Any CPU.Build.0 = Debug|Any CPU
		{33370486-A6DF-43D1-A44A-36193BE7A552}.Release|Any CPU.ActiveCfg = Release|Any CPU
		{33370486-A6DF-43D1-A44A-36193BE7A552}.Release|Any CPU.Build.0 = Release|Any CPU
		{61FEB2BD-0FFD-4C6A-B778-20847CA68136}.Debug|Any CPU.ActiveCfg = Debug|Any CPU
		{61FEB2BD-0FFD-4C6A-B778-20847CA68136}.Debug|Any CPU.Build.0 = Debug|Any CPU
		{61FEB2BD-0FFD-4C6A-B778-20847CA68136}.Release|Any CPU.ActiveCfg = Release|Any CPU
		{61FEB2BD-0FFD-4C6A-B778-20847CA68136}.Release|Any CPU.Build.0 = Release|Any CPU
		{F7899853-CC9E-4A4E-BE96-8C4C48F331DB}.Debug|Any CPU.ActiveCfg = Debug|Any CPU
		{F7899853-CC9E-4A4E-BE96-8C4C48F331DB}.Debug|Any CPU.Build.0 = Debug|Any CPU
		{F7899853-CC9E-4A4E-BE96-8C4C48F331DB}.Release|Any CPU.ActiveCfg = Release|Any CPU
		{F7899853-CC9E-4A4E-BE96-8C4C48F331DB}.Release|Any CPU.Build.0 = Release|Any CPU
		{B1050A82-9A06-4B88-AB80-6B80C174146D}.Debug|Any CPU.ActiveCfg = Debug|Any CPU
		{B1050A82-9A06-4B88-AB80-6B80C174146D}.Debug|Any CPU.Build.0 = Debug|Any CPU
		{B1050A82-9A06-4B88-AB80-6B80C174146D}.Release|Any CPU.ActiveCfg = Release|Any CPU
		{B1050A82-9A06-4B88-AB80-6B80C174146D}.Release|Any CPU.Build.0 = Release|Any CPU
		{E14A9D76-875F-4F4F-A400-BB23CDB8EBAA}.Debug|Any CPU.ActiveCfg = Debug|Any CPU
		{E14A9D76-875F-4F4F-A400-BB23CDB8EBAA}.Debug|Any CPU.Build.0 = Debug|Any CPU
		{E14A9D76-875F-4F4F-A400-BB23CDB8EBAA}.Release|Any CPU.ActiveCfg = Release|Any CPU
		{E14A9D76-875F-4F4F-A400-BB23CDB8EBAA}.Release|Any CPU.Build.0 = Release|Any CPU
		{1C8D39CA-83C7-4BC3-AAC9-6BFAD223CB3F}.Debug|Any CPU.ActiveCfg = Debug|Any CPU
		{1C8D39CA-83C7-4BC3-AAC9-6BFAD223CB3F}.Debug|Any CPU.Build.0 = Debug|Any CPU
		{1C8D39CA-83C7-4BC3-AAC9-6BFAD223CB3F}.Release|Any CPU.ActiveCfg = Release|Any CPU
		{1C8D39CA-83C7-4BC3-AAC9-6BFAD223CB3F}.Release|Any CPU.Build.0 = Release|Any CPU
	EndGlobalSection
	GlobalSection(SolutionProperties) = preSolution
		HideSolutionNode = FALSE
	EndGlobalSection
	GlobalSection(NestedProjects) = preSolution
		{08904899-5AB8-4194-BD6E-8C41433AEADD} = {29A2EC6A-2C7A-4A85-BCE4-327052B9F52B}
		{46F8761D-EAF5-490A-82F2-0CDFFEF80C75} = {29A2EC6A-2C7A-4A85-BCE4-327052B9F52B}
		{38FC6533-3580-4072-9806-54D57FBBAB2D} = {840C3758-8865-40E1-8D30-A88155C09EFB}
		{ACA1E819-88AC-4612-8A08-3C20E990CFAA} = {38FC6533-3580-4072-9806-54D57FBBAB2D}
		{B0C2966E-2E9D-4926-B0ED-31FA27B94590} = {38FC6533-3580-4072-9806-54D57FBBAB2D}
		{14D43FBD-7E72-4508-9CCF-6E53CDED95BA} = {38FC6533-3580-4072-9806-54D57FBBAB2D}
		{13AC6393-6C53-428B-BECC-CE321BEC52E4} = {38FC6533-3580-4072-9806-54D57FBBAB2D}
		{FF56476B-75B8-48F0-A3F2-29B2B6516E70} = {38FC6533-3580-4072-9806-54D57FBBAB2D}
		{01587FAC-192F-408A-9B22-770EC5CC3506} = {38FC6533-3580-4072-9806-54D57FBBAB2D}
		{A09416AF-575A-41B2-9A7E-B40A84FB17C2} = {ACA1E819-88AC-4612-8A08-3C20E990CFAA}
		{CDE7E2A5-07F4-4C4C-BB64-88FA9C9DB99D} = {B0C2966E-2E9D-4926-B0ED-31FA27B94590}
		{6848AE93-A372-48ED-ACE8-253EDF3D38D9} = {13AC6393-6C53-428B-BECC-CE321BEC52E4}
		{6F5F5A63-F1E5-4BC2-A48E-2380CC483296} = {FF56476B-75B8-48F0-A3F2-29B2B6516E70}
		{B2B5CAFF-FCE1-4E07-8EEC-AA24DB9B2973} = {01587FAC-192F-408A-9B22-770EC5CC3506}
		{1975ECFA-8A53-4F24-8AAF-6872F66C72D8} = {14D43FBD-7E72-4508-9CCF-6E53CDED95BA}
		{79242E80-F13E-459A-9DB6-8FC504C1BFE5} = {840C3758-8865-40E1-8D30-A88155C09EFB}
		{18C1BE1A-EC99-49FD-8B0F-150930565A06} = {840C3758-8865-40E1-8D30-A88155C09EFB}
		{D3EB3079-CB5B-440A-A34C-E9C81A207140} = {79242E80-F13E-459A-9DB6-8FC504C1BFE5}
		{B9BE4558-23BC-4811-B958-93E000A9BFB2} = {79242E80-F13E-459A-9DB6-8FC504C1BFE5}
		{92E41DD3-9237-41C3-92DD-8C9C4619C780} = {79242E80-F13E-459A-9DB6-8FC504C1BFE5}
		{57D5FA57-DDDE-4DB5-AF83-4A136DD98CCE} = {79242E80-F13E-459A-9DB6-8FC504C1BFE5}
		{9FEED07B-27F4-44E8-A135-BDA4E1F5DB7D} = {79242E80-F13E-459A-9DB6-8FC504C1BFE5}
		{4A80DE86-7C48-49F2-AC82-D06B25BA8148} = {D3EB3079-CB5B-440A-A34C-E9C81A207140}
		{33370486-A6DF-43D1-A44A-36193BE7A552} = {B9BE4558-23BC-4811-B958-93E000A9BFB2}
		{61FEB2BD-0FFD-4C6A-B778-20847CA68136} = {92E41DD3-9237-41C3-92DD-8C9C4619C780}
		{58E496E0-55A2-40D8-A05A-DDB5B3D08807} = {38FC6533-3580-4072-9806-54D57FBBAB2D}
		{F7899853-CC9E-4A4E-BE96-8C4C48F331DB} = {9FEED07B-27F4-44E8-A135-BDA4E1F5DB7D}
		{B7C90292-E83E-4EFC-8ADB-AE99418A9082} = {79242E80-F13E-459A-9DB6-8FC504C1BFE5}
		{92CF659B-0B9E-450E-B1FB-BBFC9C25C4CD} = {79242E80-F13E-459A-9DB6-8FC504C1BFE5}
		{B1050A82-9A06-4B88-AB80-6B80C174146D} = {57D5FA57-DDDE-4DB5-AF83-4A136DD98CCE}
		{E14A9D76-875F-4F4F-A400-BB23CDB8EBAA} = {92E41DD3-9237-41C3-92DD-8C9C4619C780}
		{1C8D39CA-83C7-4BC3-AAC9-6BFAD223CB3F} = {B7C90292-E83E-4EFC-8ADB-AE99418A9082}
	EndGlobalSection
	GlobalSection(ExtensibilityGlobals) = postSolution
		SolutionGuid = {1CA4034B-633D-429E-9BAE-3955263EF74F}
	EndGlobalSection
EndGlobal
